
Microsoft Visual Studio Solution File, Format Version 12.00
# Visual Studio 15
VisualStudioVersion = 15.0.28307.1267
MinimumVisualStudioVersion = 10.0.40219.1
Project("{FAE04EC0-301F-11D3-BF4B-00C04F79EFBC}") = "SystemProgramming", "SystemProgramming\SystemProgramming.csproj", "{FB71C3BD-BAD5-4C05-92B2-688535663C67}"
EndProject
Global
	GlobalSection(SolutionConfigurationPlatforms) = preSolution
		Debug|Any CPU = Debug|Any CPU
		Release|Any CPU = Release|Any CPU
	EndGlobalSection
	GlobalSection(ProjectConfigurationPlatforms) = postSolution
		{FB71C3BD-BAD5-4C05-92B2-688535663C67}.Debug|Any CPU.ActiveCfg = Debug|Any CPU
		{FB71C3BD-BAD5-4C05-92B2-688535663C67}.Debug|Any CPU.Build.0 = Debug|Any CPU
		{FB71C3BD-BAD5-4C05-92B2-688535663C67}.Release|Any CPU.ActiveCfg = Release|Any CPU
		{FB71C3BD-BAD5-4C05-92B2-688535663C67}.Release|Any CPU.Build.0 = Release|Any CPU
	EndGlobalSection
	GlobalSection(SolutionProperties) = preSolution
		HideSolutionNode = FALSE
	EndGlobalSection
	GlobalSection(ExtensibilityGlobals) = postSolution
		SolutionGuid = {E855F109-C5B7-469E-8504-89AB8BD9FBBC}
	EndGlobalSection
EndGlobal
